
Microsoft Visual Studio Solution File, Format Version 12.00
# Visual Studio Version 17
VisualStudioVersion = 17.0.31912.275
MinimumVisualStudioVersion = 10.0.40219.1
Project("{FAE04EC0-301F-11D3-BF4B-00C04F79EFBC}") = "Client", "Client\Client.csproj", "{04034E15-9913-4EDA-BBB1-F37A6C25BC54}"
EndProject
Project("{FAE04EC0-301F-11D3-BF4B-00C04F79EFBC}") = "TestA", "TestA\TestA.csproj", "{2A18BB7E-2C92-4AD1-A4FB-5BFA66E97C9C}"
EndProject
Project("{FAE04EC0-301F-11D3-BF4B-00C04F79EFBC}") = "TestB", "TestB\TestB.csproj", "{FA6411EB-C56C-4DB0-B71F-1F37486610E5}"
EndProject
Global
	GlobalSection(SolutionConfigurationPlatforms) = preSolution
		Debug|Any CPU = Debug|Any CPU
		Release|Any CPU = Release|Any CPU
	EndGlobalSection
	GlobalSection(ProjectConfigurationPlatforms) = postSolution
		{04034E15-9913-4EDA-BBB1-F37A6C25BC54}.Debug|Any CPU.ActiveCfg = Debug|Any CPU
		{04034E15-9913-4EDA-BBB1-F37A6C25BC54}.Debug|Any CPU.Build.0 = Debug|Any CPU
		{04034E15-9913-4EDA-BBB1-F37A6C25BC54}.Release|Any CPU.ActiveCfg = Release|Any CPU
		{04034E15-9913-4EDA-BBB1-F37A6C25BC54}.Release|Any CPU.Build.0 = Release|Any CPU
		{2A18BB7E-2C92-4AD1-A4FB-5BFA66E97C9C}.Debug|Any CPU.ActiveCfg = Debug|Any CPU
		{2A18BB7E-2C92-4AD1-A4FB-5BFA66E97C9C}.Debug|Any CPU.Build.0 = Debug|Any CPU
		{2A18BB7E-2C92-4AD1-A4FB-5BFA66E97C9C}.Release|Any CPU.ActiveCfg = Release|Any CPU
		{2A18BB7E-2C92-4AD1-A4FB-5BFA66E97C9C}.Release|Any CPU.Build.0 = Release|Any CPU
		{FA6411EB-C56C-4DB0-B71F-1F37486610E5}.Debug|Any CPU.ActiveCfg = Debug|Any CPU
		{FA6411EB-C56C-4DB0-B71F-1F37486610E5}.Debug|Any CPU.Build.0 = Debug|Any CPU
		{FA6411EB-C56C-4DB0-B71F-1F37486610E5}.Release|Any CPU.ActiveCfg = Release|Any CPU
		{FA6411EB-C56C-4DB0-B71F-1F37486610E5}.Release|Any CPU.Build.0 = Release|Any CPU
	EndGlobalSection
	GlobalSection(SolutionProperties) = preSolution
		HideSolutionNode = FALSE
	EndGlobalSection
	GlobalSection(ExtensibilityGlobals) = postSolution
		SolutionGuid = {CE8F89F2-0290-4DFF-9344-940D464CD9C6}
	EndGlobalSection
EndGlobal
